// !$*UTF8*$!
{
	archiveVersion = 1;
	classes = {
	};
	objectVersion = 55;
	objects = {

/* Begin PBXBuildFile section */
		88B1E9412798B7AC00E234F1 /* Constants.swift in Sources */ = {isa = PBXBuildFile; fileRef = 88B1E9402798B7AC00E234F1 /* Constants.swift */; };
		88B585462798B167004D75DE /* RemindersAppUIAutomationApp.swift in Sources */ = {isa = PBXBuildFile; fileRef = 88B585452798B167004D75DE /* RemindersAppUIAutomationApp.swift */; };
		88B585482798B167004D75DE /* ContentView.swift in Sources */ = {isa = PBXBuildFile; fileRef = 88B585472798B167004D75DE /* ContentView.swift */; };
		88B5854A2798B16D004D75DE /* Assets.xcassets in Resources */ = {isa = PBXBuildFile; fileRef = 88B585492798B16D004D75DE /* Assets.xcassets */; };
		88B5854D2798B16D004D75DE /* Preview Assets.xcassets in Resources */ = {isa = PBXBuildFile; fileRef = 88B5854C2798B16D004D75DE /* Preview Assets.xcassets */; };
		88B585572798B16D004D75DE /* RemindersAppUIAutomationTests.swift in Sources */ = {isa = PBXBuildFile; fileRef = 88B585562798B16D004D75DE /* RemindersAppUIAutomationTests.swift */; };
		88B585752798B209004D75DE /* BaseTestCase.swift in Sources */ = {isa = PBXBuildFile; fileRef = 88B585742798B209004D75DE /* BaseTestCase.swift */; };
		88B585782798B22B004D75DE /* NotesData.swift in Sources */ = {isa = PBXBuildFile; fileRef = 88B585772798B22B004D75DE /* NotesData.swift */; };
		88B5857A2798B23F004D75DE /* XCTestCase+Extensions.swift in Sources */ = {isa = PBXBuildFile; fileRef = 88B585792798B23F004D75DE /* XCTestCase+Extensions.swift */; };
		88B5857C2798B24F004D75DE /* XCUIElement+Extensions.swift in Sources */ = {isa = PBXBuildFile; fileRef = 88B5857B2798B24F004D75DE /* XCUIElement+Extensions.swift */; };
		88B5857E2798B265004D75DE /* HomePage.swift in Sources */ = {isa = PBXBuildFile; fileRef = 88B5857D2798B265004D75DE /* HomePage.swift */; };
		88B585802798B275004D75DE /* WelcomePage.swift in Sources */ = {isa = PBXBuildFile; fileRef = 88B5857F2798B275004D75DE /* WelcomePage.swift */; };
		88B585822798B286004D75DE /* MyRemindersPage.swift in Sources */ = {isa = PBXBuildFile; fileRef = 88B585812798B286004D75DE /* MyRemindersPage.swift */; };
		88B585842798B2A0004D75DE /* WelcomePageTestCase.swift in Sources */ = {isa = PBXBuildFile; fileRef = 88B585832798B2A0004D75DE /* WelcomePageTestCase.swift */; };
		88B585862798B2B1004D75DE /* WelcomePageRobot.swift in Sources */ = {isa = PBXBuildFile; fileRef = 88B585852798B2B1004D75DE /* WelcomePageRobot.swift */; };
/* End PBXBuildFile section */

/* Begin PBXContainerItemProxy section */
		88B585532798B16D004D75DE /* PBXContainerItemProxy */ = {
			isa = PBXContainerItemProxy;
			containerPortal = 88B5853A2798B167004D75DE /* Project object */;
			proxyType = 1;
			remoteGlobalIDString = 88B585412798B167004D75DE;
			remoteInfo = RemindersAppUIAutomation;
		};
		88B5855D2798B16D004D75DE /* PBXContainerItemProxy */ = {
			isa = PBXContainerItemProxy;
			containerPortal = 88B5853A2798B167004D75DE /* Project object */;
			proxyType = 1;
			remoteGlobalIDString = 88B585412798B167004D75DE;
			remoteInfo = RemindersAppUIAutomation;
		};
/* End PBXContainerItemProxy section */

/* Begin PBXFileReference section */
		88B1E9402798B7AC00E234F1 /* Constants.swift */ = {isa = PBXFileReference; lastKnownFileType = sourcecode.swift; path = Constants.swift; sourceTree = "<group>"; };
		88B585422798B167004D75DE /* RemindersAppUIAutomation.app */ = {isa = PBXFileReference; explicitFileType = wrapper.application; includeInIndex = 0; path = RemindersAppUIAutomation.app; sourceTree = BUILT_PRODUCTS_DIR; };
		88B585452798B167004D75DE /* RemindersAppUIAutomationApp.swift */ = {isa = PBXFileReference; lastKnownFileType = sourcecode.swift; path = RemindersAppUIAutomationApp.swift; sourceTree = "<group>"; };
		88B585472798B167004D75DE /* ContentView.swift */ = {isa = PBXFileReference; lastKnownFileType = sourcecode.swift; path = ContentView.swift; sourceTree = "<group>"; };
		88B585492798B16D004D75DE /* Assets.xcassets */ = {isa = PBXFileReference; lastKnownFileType = folder.assetcatalog; path = Assets.xcassets; sourceTree = "<group>"; };
		88B5854C2798B16D004D75DE /* Preview Assets.xcassets */ = {isa = PBXFileReference; lastKnownFileType = folder.assetcatalog; path = "Preview Assets.xcassets"; sourceTree = "<group>"; };
		88B585522798B16D004D75DE /* RemindersAppUIAutomationTests.xctest */ = {isa = PBXFileReference; explicitFileType = wrapper.cfbundle; includeInIndex = 0; path = RemindersAppUIAutomationTests.xctest; sourceTree = BUILT_PRODUCTS_DIR; };
		88B585562798B16D004D75DE /* RemindersAppUIAutomationTests.swift */ = {isa = PBXFileReference; lastKnownFileType = sourcecode.swift; path = RemindersAppUIAutomationTests.swift; sourceTree = "<group>"; };
		88B5855C2798B16D004D75DE /* RemindersAppUIAutomationUITests.xctest */ = {isa = PBXFileReference; explicitFileType = wrapper.cfbundle; includeInIndex = 0; path = RemindersAppUIAutomationUITests.xctest; sourceTree = BUILT_PRODUCTS_DIR; };
		88B585742798B209004D75DE /* BaseTestCase.swift */ = {isa = PBXFileReference; lastKnownFileType = sourcecode.swift; path = BaseTestCase.swift; sourceTree = "<group>"; };
		88B585772798B22B004D75DE /* NotesData.swift */ = {isa = PBXFileReference; lastKnownFileType = sourcecode.swift; path = NotesData.swift; sourceTree = "<group>"; };
		88B585792798B23F004D75DE /* XCTestCase+Extensions.swift */ = {isa = PBXFileReference; lastKnownFileType = sourcecode.swift; path = "XCTestCase+Extensions.swift"; sourceTree = "<group>"; };
		88B5857B2798B24F004D75DE /* XCUIElement+Extensions.swift */ = {isa = PBXFileReference; lastKnownFileType = sourcecode.swift; path = "XCUIElement+Extensions.swift"; sourceTree = "<group>"; };
		88B5857D2798B265004D75DE /* HomePage.swift */ = {isa = PBXFileReference; lastKnownFileType = sourcecode.swift; path = HomePage.swift; sourceTree = "<group>"; };
		88B5857F2798B275004D75DE /* WelcomePage.swift */ = {isa = PBXFileReference; lastKnownFileType = sourcecode.swift; path = WelcomePage.swift; sourceTree = "<group>"; };
		88B585812798B286004D75DE /* MyRemindersPage.swift */ = {isa = PBXFileReference; lastKnownFileType = sourcecode.swift; path = MyRemindersPage.swift; sourceTree = "<group>"; };
		88B585832798B2A0004D75DE /* WelcomePageTestCase.swift */ = {isa = PBXFileReference; lastKnownFileType = sourcecode.swift; path = WelcomePageTestCase.swift; sourceTree = "<group>"; };
		88B585852798B2B1004D75DE /* WelcomePageRobot.swift */ = {isa = PBXFileReference; lastKnownFileType = sourcecode.swift; path = WelcomePageRobot.swift; sourceTree = "<group>"; };
		88B585872798B2E6004D75DE /* RegressionTestPlan.xctestplan */ = {isa = PBXFileReference; lastKnownFileType = text; path = RegressionTestPlan.xctestplan; sourceTree = "<group>"; };
/* End PBXFileReference section */

/* Begin PBXFrameworksBuildPhase section */
		88B5853F2798B167004D75DE /* Frameworks */ = {
			isa = PBXFrameworksBuildPhase;
			buildActionMask = 2147483647;
			files = (
			);
			runOnlyForDeploymentPostprocessing = 0;
		};
		88B5854F2798B16D004D75DE /* Frameworks */ = {
			isa = PBXFrameworksBuildPhase;
			buildActionMask = 2147483647;
			files = (
			);
			runOnlyForDeploymentPostprocessing = 0;
		};
		88B585592798B16D004D75DE /* Frameworks */ = {
			isa = PBXFrameworksBuildPhase;
			buildActionMask = 2147483647;
			files = (
			);
			runOnlyForDeploymentPostprocessing = 0;
		};
/* End PBXFrameworksBuildPhase section */

/* Begin PBXGroup section */
		88B585392798B167004D75DE = {
			isa = PBXGroup;
			children = (
				88B585442798B167004D75DE /* RemindersAppUIAutomation */,
				88B585552798B16D004D75DE /* RemindersAppUIAutomationTests */,
				88B5855F2798B16D004D75DE /* RemindersAppUIAutomationUITests */,
				88B585432798B167004D75DE /* Products */,
			);
			sourceTree = "<group>";
		};
		88B585432798B167004D75DE /* Products */ = {
			isa = PBXGroup;
			children = (
				88B585422798B167004D75DE /* RemindersAppUIAutomation.app */,
				88B585522798B16D004D75DE /* RemindersAppUIAutomationTests.xctest */,
				88B5855C2798B16D004D75DE /* RemindersAppUIAutomationUITests.xctest */,
			);
			name = Products;
			sourceTree = "<group>";
		};
		88B585442798B167004D75DE /* RemindersAppUIAutomation */ = {
			isa = PBXGroup;
			children = (
				88B585452798B167004D75DE /* RemindersAppUIAutomationApp.swift */,
				88B585472798B167004D75DE /* ContentView.swift */,
				88B585492798B16D004D75DE /* Assets.xcassets */,
				88B5854B2798B16D004D75DE /* Preview Content */,
			);
			path = RemindersAppUIAutomation;
			sourceTree = "<group>";
		};
		88B5854B2798B16D004D75DE /* Preview Content */ = {
			isa = PBXGroup;
			children = (
				88B5854C2798B16D004D75DE /* Preview Assets.xcassets */,
			);
			path = "Preview Content";
			sourceTree = "<group>";
		};
		88B585552798B16D004D75DE /* RemindersAppUIAutomationTests */ = {
			isa = PBXGroup;
			children = (
				88B585562798B16D004D75DE /* RemindersAppUIAutomationTests.swift */,
			);
			path = RemindersAppUIAutomationTests;
			sourceTree = "<group>";
		};
		88B5855F2798B16D004D75DE /* RemindersAppUIAutomationUITests */ = {
			isa = PBXGroup;
			children = (
				88B585732798B1E2004D75DE /* Base */,
				88B585722798B1DC004D75DE /* Extensions */,
				88B585712798B1D3004D75DE /* PageObject */,
				88B585702798B1C9004D75DE /* TestCase */,
				88B5856F2798B1BD004D75DE /* PageRobot */,
				88B585872798B2E6004D75DE /* RegressionTestPlan.xctestplan */,
				88B1E9402798B7AC00E234F1 /* Constants.swift */,
			);
			path = RemindersAppUIAutomationUITests;
			sourceTree = "<group>";
		};
		88B5856F2798B1BD004D75DE /* PageRobot */ = {
			isa = PBXGroup;
			children = (
				88B585852798B2B1004D75DE /* WelcomePageRobot.swift */,
			);
			path = PageRobot;
			sourceTree = "<group>";
		};
		88B585702798B1C9004D75DE /* TestCase */ = {
			isa = PBXGroup;
			children = (
				88B585832798B2A0004D75DE /* WelcomePageTestCase.swift */,
			);
			path = TestCase;
			sourceTree = "<group>";
		};
		88B585712798B1D3004D75DE /* PageObject */ = {
			isa = PBXGroup;
			children = (
				88B5857D2798B265004D75DE /* HomePage.swift */,
				88B5857F2798B275004D75DE /* WelcomePage.swift */,
				88B585812798B286004D75DE /* MyRemindersPage.swift */,
			);
			path = PageObject;
			sourceTree = "<group>";
		};
		88B585722798B1DC004D75DE /* Extensions */ = {
			isa = PBXGroup;
			children = (
				88B585792798B23F004D75DE /* XCTestCase+Extensions.swift */,
				88B5857B2798B24F004D75DE /* XCUIElement+Extensions.swift */,
			);
			path = Extensions;
			sourceTree = "<group>";
		};
		88B585732798B1E2004D75DE /* Base */ = {
			isa = PBXGroup;
			children = (
				88B585742798B209004D75DE /* BaseTestCase.swift */,
				88B585772798B22B004D75DE /* NotesData.swift */,
			);
			path = Base;
			sourceTree = "<group>";
		};
/* End PBXGroup section */

/* Begin PBXNativeTarget section */
		88B585412798B167004D75DE /* RemindersAppUIAutomation */ = {
			isa = PBXNativeTarget;
			buildConfigurationList = 88B585662798B16D004D75DE /* Build configuration list for PBXNativeTarget "RemindersAppUIAutomation" */;
			buildPhases = (
				88B5853E2798B167004D75DE /* Sources */,
				88B5853F2798B167004D75DE /* Frameworks */,
				88B585402798B167004D75DE /* Resources */,
			);
			buildRules = (
			);
			dependencies = (
			);
			name = RemindersAppUIAutomation;
			productName = RemindersAppUIAutomation;
			productReference = 88B585422798B167004D75DE /* RemindersAppUIAutomation.app */;
			productType = "com.apple.product-type.application";
		};
		88B585512798B16D004D75DE /* RemindersAppUIAutomationTests */ = {
			isa = PBXNativeTarget;
			buildConfigurationList = 88B585692798B16D004D75DE /* Build configuration list for PBXNativeTarget "RemindersAppUIAutomationTests" */;
			buildPhases = (
				88B5854E2798B16D004D75DE /* Sources */,
				88B5854F2798B16D004D75DE /* Frameworks */,
				88B585502798B16D004D75DE /* Resources */,
			);
			buildRules = (
			);
			dependencies = (
				88B585542798B16D004D75DE /* PBXTargetDependency */,
			);
			name = RemindersAppUIAutomationTests;
			productName = RemindersAppUIAutomationTests;
			productReference = 88B585522798B16D004D75DE /* RemindersAppUIAutomationTests.xctest */;
			productType = "com.apple.product-type.bundle.unit-test";
		};
		88B5855B2798B16D004D75DE /* RemindersAppUIAutomationUITests */ = {
			isa = PBXNativeTarget;
			buildConfigurationList = 88B5856C2798B16D004D75DE /* Build configuration list for PBXNativeTarget "RemindersAppUIAutomationUITests" */;
			buildPhases = (
				88B585582798B16D004D75DE /* Sources */,
				88B585592798B16D004D75DE /* Frameworks */,
				88B5855A2798B16D004D75DE /* Resources */,
			);
			buildRules = (
			);
			dependencies = (
				88B5855E2798B16D004D75DE /* PBXTargetDependency */,
			);
			name = RemindersAppUIAutomationUITests;
			productName = RemindersAppUIAutomationUITests;
			productReference = 88B5855C2798B16D004D75DE /* RemindersAppUIAutomationUITests.xctest */;
			productType = "com.apple.product-type.bundle.ui-testing";
		};
/* End PBXNativeTarget section */

/* Begin PBXProject section */
		88B5853A2798B167004D75DE /* Project object */ = {
			isa = PBXProject;
			attributes = {
				BuildIndependentTargetsInParallel = 1;
				LastSwiftUpdateCheck = 1320;
				LastUpgradeCheck = 1320;
				TargetAttributes = {
					88B585412798B167004D75DE = {
						CreatedOnToolsVersion = 13.2.1;
					};
					88B585512798B16D004D75DE = {
						CreatedOnToolsVersion = 13.2.1;
						TestTargetID = 88B585412798B167004D75DE;
					};
					88B5855B2798B16D004D75DE = {
						CreatedOnToolsVersion = 13.2.1;
						TestTargetID = 88B585412798B167004D75DE;
					};
				};
			};
			buildConfigurationList = 88B5853D2798B167004D75DE /* Build configuration list for PBXProject "RemindersAppUIAutomation" */;
			compatibilityVersion = "Xcode 13.0";
			developmentRegion = en;
			hasScannedForEncodings = 0;
			knownRegions = (
				en,
				Base,
			);
			mainGroup = 88B585392798B167004D75DE;
			productRefGroup = 88B585432798B167004D75DE /* Products */;
			projectDirPath = "";
			projectRoot = "";
			targets = (
				88B585412798B167004D75DE /* RemindersAppUIAutomation */,
				88B585512798B16D004D75DE /* RemindersAppUIAutomationTests */,
				88B5855B2798B16D004D75DE /* RemindersAppUIAutomationUITests */,
			);
		};
/* End PBXProject section */

/* Begin PBXResourcesBuildPhase section */
		88B585402798B167004D75DE /* Resources */ = {
			isa = PBXResourcesBuildPhase;
			buildActionMask = 2147483647;
			files = (
				88B5854D2798B16D004D75DE /* Preview Assets.xcassets in Resources */,
				88B5854A2798B16D004D75DE /* Assets.xcassets in Resources */,
			);
			runOnlyForDeploymentPostprocessing = 0;
		};
		88B585502798B16D004D75DE /* Resources */ = {
			isa = PBXResourcesBuildPhase;
			buildActionMask = 2147483647;
			files = (
			);
			runOnlyForDeploymentPostprocessing = 0;
		};
		88B5855A2798B16D004D75DE /* Resources */ = {
			isa = PBXResourcesBuildPhase;
			buildActionMask = 2147483647;
			files = (
			);
			runOnlyForDeploymentPostprocessing = 0;
		};
/* End PBXResourcesBuildPhase section */

/* Begin PBXSourcesBuildPhase section */
		88B5853E2798B167004D75DE /* Sources */ = {
			isa = PBXSourcesBuildPhase;
			buildActionMask = 2147483647;
			files = (
				88B585482798B167004D75DE /* ContentView.swift in Sources */,
				88B585462798B167004D75DE /* RemindersAppUIAutomationApp.swift in Sources */,
			);
			runOnlyForDeploymentPostprocessing = 0;
		};
		88B5854E2798B16D004D75DE /* Sources */ = {
			isa = PBXSourcesBuildPhase;
			buildActionMask = 2147483647;
			files = (
				88B585572798B16D004D75DE /* RemindersAppUIAutomationTests.swift in Sources */,
			);
			runOnlyForDeploymentPostprocessing = 0;
		};
		88B585582798B16D004D75DE /* Sources */ = {
			isa = PBXSourcesBuildPhase;
			buildActionMask = 2147483647;
			files = (
				88B585782798B22B004D75DE /* NotesData.swift in Sources */,
				88B5857A2798B23F004D75DE /* XCTestCase+Extensions.swift in Sources */,
				88B5857C2798B24F004D75DE /* XCUIElement+Extensions.swift in Sources */,
				88B585752798B209004D75DE /* BaseTestCase.swift in Sources */,
				88B585822798B286004D75DE /* MyRemindersPage.swift in Sources */,
				88B585802798B275004D75DE /* WelcomePage.swift in Sources */,
				88B5857E2798B265004D75DE /* HomePage.swift in Sources */,
				88B1E9412798B7AC00E234F1 /* Constants.swift in Sources */,
				88B585842798B2A0004D75DE /* WelcomePageTestCase.swift in Sources */,
				88B585862798B2B1004D75DE /* WelcomePageRobot.swift in Sources */,
			);
			runOnlyForDeploymentPostprocessing = 0;
		};
/* End PBXSourcesBuildPhase section */

/* Begin PBXTargetDependency section */
		88B585542798B16D004D75DE /* PBXTargetDependency */ = {
			isa = PBXTargetDependency;
			target = 88B585412798B167004D75DE /* RemindersAppUIAutomation */;
			targetProxy = 88B585532798B16D004D75DE /* PBXContainerItemProxy */;
		};
		88B5855E2798B16D004D75DE /* PBXTargetDependency */ = {
			isa = PBXTargetDependency;
			target = 88B585412798B167004D75DE /* RemindersAppUIAutomation */;
			targetProxy = 88B5855D2798B16D004D75DE /* PBXContainerItemProxy */;
		};
/* End PBXTargetDependency section */

/* Begin XCBuildConfiguration section */
		88B585642798B16D004D75DE /* Debug */ = {
			isa = XCBuildConfiguration;
			buildSettings = {
				ALWAYS_SEARCH_USER_PATHS = NO;
				CLANG_ANALYZER_NONNULL = YES;
				CLANG_ANALYZER_NUMBER_OBJECT_CONVERSION = YES_AGGRESSIVE;
				CLANG_CXX_LANGUAGE_STANDARD = "gnu++17";
				CLANG_CXX_LIBRARY = "libc++";
				CLANG_ENABLE_MODULES = YES;
				CLANG_ENABLE_OBJC_ARC = YES;
				CLANG_ENABLE_OBJC_WEAK = YES;
				CLANG_WARN_BLOCK_CAPTURE_AUTORELEASING = YES;
				CLANG_WARN_BOOL_CONVERSION = YES;
				CLANG_WARN_COMMA = YES;
				CLANG_WARN_CONSTANT_CONVERSION = YES;
				CLANG_WARN_DEPRECATED_OBJC_IMPLEMENTATIONS = YES;
				CLANG_WARN_DIRECT_OBJC_ISA_USAGE = YES_ERROR;
				CLANG_WARN_DOCUMENTATION_COMMENTS = YES;
				CLANG_WARN_EMPTY_BODY = YES;
				CLANG_WARN_ENUM_CONVERSION = YES;
				CLANG_WARN_INFINITE_RECURSION = YES;
				CLANG_WARN_INT_CONVERSION = YES;
				CLANG_WARN_NON_LITERAL_NULL_CONVERSION = YES;
				CLANG_WARN_OBJC_IMPLICIT_RETAIN_SELF = YES;
				CLANG_WARN_OBJC_LITERAL_CONVERSION = YES;
				CLANG_WARN_OBJC_ROOT_CLASS = YES_ERROR;
				CLANG_WARN_QUOTED_INCLUDE_IN_FRAMEWORK_HEADER = YES;
				CLANG_WARN_RANGE_LOOP_ANALYSIS = YES;
				CLANG_WARN_STRICT_PROTOTYPES = YES;
				CLANG_WARN_SUSPICIOUS_MOVE = YES;
				CLANG_WARN_UNGUARDED_AVAILABILITY = YES_AGGRESSIVE;
				CLANG_WARN_UNREACHABLE_CODE = YES;
				CLANG_WARN__DUPLICATE_METHOD_MATCH = YES;
				COPY_PHASE_STRIP = NO;
				DEBUG_INFORMATION_FORMAT = dwarf;
				ENABLE_STRICT_OBJC_MSGSEND = YES;
				ENABLE_TESTABILITY = YES;
				GCC_C_LANGUAGE_STANDARD = gnu11;
				GCC_DYNAMIC_NO_PIC = NO;
				GCC_NO_COMMON_BLOCKS = YES;
				GCC_OPTIMIZATION_LEVEL = 0;
				GCC_PREPROCESSOR_DEFINITIONS = (
					"DEBUG=1",
					"$(inherited)",
				);
				GCC_WARN_64_TO_32_BIT_CONVERSION = YES;
				GCC_WARN_ABOUT_RETURN_TYPE = YES_ERROR;
				GCC_WARN_UNDECLARED_SELECTOR = YES;
				GCC_WARN_UNINITIALIZED_AUTOS = YES_AGGRESSIVE;
				GCC_WARN_UNUSED_FUNCTION = YES;
				GCC_WARN_UNUSED_VARIABLE = YES;
				IPHONEOS_DEPLOYMENT_TARGET = 15.2;
				MTL_ENABLE_DEBUG_INFO = INCLUDE_SOURCE;
				MTL_FAST_MATH = YES;
				ONLY_ACTIVE_ARCH = YES;
				SDKROOT = iphoneos;
				SWIFT_ACTIVE_COMPILATION_CONDITIONS = DEBUG;
				SWIFT_OPTIMIZATION_LEVEL = "-Onone";
			};
			name = Debug;
		};
		88B585652798B16D004D75DE /* Release */ = {
			isa = XCBuildConfiguration;
			buildSettings = {
				ALWAYS_SEARCH_USER_PATHS = NO;
				CLANG_ANALYZER_NONNULL = YES;
				CLANG_ANALYZER_NUMBER_OBJECT_CONVERSION = YES_AGGRESSIVE;
				CLANG_CXX_LANGUAGE_STANDARD = "gnu++17";
				CLANG_CXX_LIBRARY = "libc++";
				CLANG_ENABLE_MODULES = YES;
				CLANG_ENABLE_OBJC_ARC = YES;
				CLANG_ENABLE_OBJC_WEAK = YES;
				CLANG_WARN_BLOCK_CAPTURE_AUTORELEASING = YES;
				CLANG_WARN_BOOL_CONVERSION = YES;
				CLANG_WARN_COMMA = YES;
				CLANG_WARN_CONSTANT_CONVERSION = YES;
				CLANG_WARN_DEPRECATED_OBJC_IMPLEMENTATIONS = YES;
				CLANG_WARN_DIRECT_OBJC_ISA_USAGE = YES_ERROR;
				CLANG_WARN_DOCUMENTATION_COMMENTS = YES;
				CLANG_WARN_EMPTY_BODY = YES;
				CLANG_WARN_ENUM_CONVERSION = YES;
				CLANG_WARN_INFINITE_RECURSION = YES;
				CLANG_WARN_INT_CONVERSION = YES;
				CLANG_WARN_NON_LITERAL_NULL_CONVERSION = YES;
				CLANG_WARN_OBJC_IMPLICIT_RETAIN_SELF = YES;
				CLANG_WARN_OBJC_LITERAL_CONVERSION = YES;
				CLANG_WARN_OBJC_ROOT_CLASS = YES_ERROR;
				CLANG_WARN_QUOTED_INCLUDE_IN_FRAMEWORK_HEADER = YES;
				CLANG_WARN_RANGE_LOOP_ANALYSIS = YES;
				CLANG_WARN_STRICT_PROTOTYPES = YES;
				CLANG_WARN_SUSPICIOUS_MOVE = YES;
				CLANG_WARN_UNGUARDED_AVAILABILITY = YES_AGGRESSIVE;
				CLANG_WARN_UNREACHABLE_CODE = YES;
				CLANG_WARN__DUPLICATE_METHOD_MATCH = YES;
				COPY_PHASE_STRIP = NO;
				DEBUG_INFORMATION_FORMAT = "dwarf-with-dsym";
				ENABLE_NS_ASSERTIONS = NO;
				ENABLE_STRICT_OBJC_MSGSEND = YES;
				GCC_C_LANGUAGE_STANDARD = gnu11;
				GCC_NO_COMMON_BLOCKS = YES;
				GCC_WARN_64_TO_32_BIT_CONVERSION = YES;
				GCC_WARN_ABOUT_RETURN_TYPE = YES_ERROR;
				GCC_WARN_UNDECLARED_SELECTOR = YES;
				GCC_WARN_UNINITIALIZED_AUTOS = YES_AGGRESSIVE;
				GCC_WARN_UNUSED_FUNCTION = YES;
				GCC_WARN_UNUSED_VARIABLE = YES;
				IPHONEOS_DEPLOYMENT_TARGET = 15.2;
				MTL_ENABLE_DEBUG_INFO = NO;
				MTL_FAST_MATH = YES;
				SDKROOT = iphoneos;
				SWIFT_COMPILATION_MODE = wholemodule;
				SWIFT_OPTIMIZATION_LEVEL = "-O";
				VALIDATE_PRODUCT = YES;
			};
			name = Release;
		};
		88B585672798B16D004D75DE /* Debug */ = {
			isa = XCBuildConfiguration;
			buildSettings = {
				ASSETCATALOG_COMPILER_APPICON_NAME = AppIcon;
				ASSETCATALOG_COMPILER_GLOBAL_ACCENT_COLOR_NAME = AccentColor;
				CODE_SIGN_STYLE = Automatic;
				CURRENT_PROJECT_VERSION = 1;
				DEVELOPMENT_ASSET_PATHS = "\"RemindersAppUIAutomation/Preview Content\"";
				DEVELOPMENT_TEAM = 74D2CJZJ79;
				ENABLE_PREVIEWS = YES;
				GENERATE_INFOPLIST_FILE = YES;
				INFOPLIST_KEY_UIApplicationSceneManifest_Generation = YES;
				INFOPLIST_KEY_UIApplicationSupportsIndirectInputEvents = YES;
				INFOPLIST_KEY_UILaunchScreen_Generation = YES;
				INFOPLIST_KEY_UISupportedInterfaceOrientations_iPad = "UIInterfaceOrientationPortrait UIInterfaceOrientationPortraitUpsideDown UIInterfaceOrientationLandscapeLeft UIInterfaceOrientationLandscapeRight";
				INFOPLIST_KEY_UISupportedInterfaceOrientations_iPhone = "UIInterfaceOrientationPortrait UIInterfaceOrientationLandscapeLeft UIInterfaceOrientationLandscapeRight";
				LD_RUNPATH_SEARCH_PATHS = (
					"$(inherited)",
					"@executable_path/Frameworks",
				);
				MARKETING_VERSION = 1.0;
				PRODUCT_BUNDLE_IDENTIFIER = com.llions.RemindersAppUIAutomation;
				PRODUCT_NAME = "$(TARGET_NAME)";
				SWIFT_EMIT_LOC_STRINGS = YES;
				SWIFT_VERSION = 5.0;
				TARGETED_DEVICE_FAMILY = "1,2";
			};
			name = Debug;
		};
		88B585682798B16D004D75DE /* Release */ = {
			isa = XCBuildConfiguration;
			buildSettings = {
				ASSETCATALOG_COMPILER_APPICON_NAME = AppIcon;
				ASSETCATALOG_COMPILER_GLOBAL_ACCENT_COLOR_NAME = AccentColor;
				CODE_SIGN_STYLE = Automatic;
				CURRENT_PROJECT_VERSION = 1;
				DEVELOPMENT_ASSET_PATHS = "\"RemindersAppUIAutomation/Preview Content\"";
				DEVELOPMENT_TEAM = 74D2CJZJ79;
				ENABLE_PREVIEWS = YES;
				GENERATE_INFOPLIST_FILE = YES;
				INFOPLIST_KEY_UIApplicationSceneManifest_Generation = YES;
				INFOPLIST_KEY_UIApplicationSupportsIndirectInputEvents = YES;
				INFOPLIST_KEY_UILaunchScreen_Generation = YES;
				INFOPLIST_KEY_UISupportedInterfaceOrientations_iPad = "UIInterfaceOrientationPortrait UIInterfaceOrientationPortraitUpsideDown UIInterfaceOrientationLandscapeLeft UIInterfaceOrientationLandscapeRight";
				INFOPLIST_KEY_UISupportedInterfaceOrientations_iPhone = "UIInterfaceOrientationPortrait UIInterfaceOrientationLandscapeLeft UIInterfaceOrientationLandscapeRight";
				LD_RUNPATH_SEARCH_PATHS = (
					"$(inherited)",
					"@executable_path/Frameworks",
				);
				MARKETING_VERSION = 1.0;
				PRODUCT_BUNDLE_IDENTIFIER = com.llions.RemindersAppUIAutomation;
				PRODUCT_NAME = "$(TARGET_NAME)";
				SWIFT_EMIT_LOC_STRINGS = YES;
				SWIFT_VERSION = 5.0;
				TARGETED_DEVICE_FAMILY = "1,2";
			};
			name = Release;
		};
		88B5856A2798B16D004D75DE /* Debug */ = {
			isa = XCBuildConfiguration;
			buildSettings = {
				ALWAYS_EMBED_SWIFT_STANDARD_LIBRARIES = YES;
				BUNDLE_LOADER = "$(TEST_HOST)";
				CODE_SIGN_STYLE = Automatic;
				CURRENT_PROJECT_VERSION = 1;
				DEVELOPMENT_TEAM = 74D2CJZJ79;
				GENERATE_INFOPLIST_FILE = YES;
				IPHONEOS_DEPLOYMENT_TARGET = 15.2;
				MARKETING_VERSION = 1.0;
				PRODUCT_BUNDLE_IDENTIFIER = com.llions.RemindersAppUIAutomationTests;
				PRODUCT_NAME = "$(TARGET_NAME)";
				SWIFT_EMIT_LOC_STRINGS = NO;
				SWIFT_VERSION = 5.0;
				TARGETED_DEVICE_FAMILY = "1,2";
				TEST_HOST = "$(BUILT_PRODUCTS_DIR)/RemindersAppUIAutomation.app/RemindersAppUIAutomation";
			};
			name = Debug;
		};
		88B5856B2798B16D004D75DE /* Release */ = {
			isa = XCBuildConfiguration;
			buildSettings = {
				ALWAYS_EMBED_SWIFT_STANDARD_LIBRARIES = YES;
				BUNDLE_LOADER = "$(TEST_HOST)";
				CODE_SIGN_STYLE = Automatic;
				CURRENT_PROJECT_VERSION = 1;
				DEVELOPMENT_TEAM = 74D2CJZJ79;
				GENERATE_INFOPLIST_FILE = YES;
				IPHONEOS_DEPLOYMENT_TARGET = 15.2;
				MARKETING_VERSION = 1.0;
				PRODUCT_BUNDLE_IDENTIFIER = com.llions.RemindersAppUIAutomationTests;
				PRODUCT_NAME = "$(TARGET_NAME)";
				SWIFT_EMIT_LOC_STRINGS = NO;
				SWIFT_VERSION = 5.0;
				TARGETED_DEVICE_FAMILY = "1,2";
				TEST_HOST = "$(BUILT_PRODUCTS_DIR)/RemindersAppUIAutomation.app/RemindersAppUIAutomation";
			};
			name = Release;
		};
		88B5856D2798B16D004D75DE /* Debug */ = {
			isa = XCBuildConfiguration;
			buildSettings = {
				ALWAYS_EMBED_SWIFT_STANDARD_LIBRARIES = YES;
				CODE_SIGN_STYLE = Automatic;
				CURRENT_PROJECT_VERSION = 1;
				DEVELOPMENT_TEAM = 74D2CJZJ79;
				GENERATE_INFOPLIST_FILE = YES;
				MARKETING_VERSION = 1.0;
				PRODUCT_BUNDLE_IDENTIFIER = com.llions.RemindersAppUIAutomationUITests;
				PRODUCT_NAME = "$(TARGET_NAME)";
				SWIFT_EMIT_LOC_STRINGS = NO;
				SWIFT_VERSION = 5.0;
				TARGETED_DEVICE_FAMILY = "1,2";
				TEST_TARGET_NAME = RemindersAppUIAutomation;
			};
			name = Debug;
		};
		88B5856E2798B16D004D75DE /* Release */ = {
			isa = XCBuildConfiguration;
			buildSettings = {
				ALWAYS_EMBED_SWIFT_STANDARD_LIBRARIES = YES;
				CODE_SIGN_STYLE = Automatic;
				CURRENT_PROJECT_VERSION = 1;
				DEVELOPMENT_TEAM = 74D2CJZJ79;
				GENERATE_INFOPLIST_FILE = YES;
				MARKETING_VERSION = 1.0;
				PRODUCT_BUNDLE_IDENTIFIER = com.llions.RemindersAppUIAutomationUITests;
				PRODUCT_NAME = "$(TARGET_NAME)";
				SWIFT_EMIT_LOC_STRINGS = NO;
				SWIFT_VERSION = 5.0;
				TARGETED_DEVICE_FAMILY = "1,2";
				TEST_TARGET_NAME = RemindersAppUIAutomation;
			};
			name = Release;
		};
/* End XCBuildConfiguration section */

/* Begin XCConfigurationList section */
		88B5853D2798B167004D75DE /* Build configuration list for PBXProject "RemindersAppUIAutomation" */ = {
			isa = XCConfigurationList;
			buildConfigurations = (
				88B585642798B16D004D75DE /* Debug */,
				88B585652798B16D004D75DE /* Release */,
			);
			defaultConfigurationIsVisible = 0;
			defaultConfigurationName = Release;
		};
		88B585662798B16D004D75DE /* Build configuration list for PBXNativeTarget "RemindersAppUIAutomation" */ = {
			isa = XCConfigurationList;
			buildConfigurations = (
				88B585672798B16D004D75DE /* Debug */,
				88B585682798B16D004D75DE /* Release */,
			);
			defaultConfigurationIsVisible = 0;
			defaultConfigurationName = Release;
		};
		88B585692798B16D004D75DE /* Build configuration list for PBXNativeTarget "RemindersAppUIAutomationTests" */ = {
			isa = XCConfigurationList;
			buildConfigurations = (
				88B5856A2798B16D004D75DE /* Debug */,
				88B5856B2798B16D004D75DE /* Release */,
			);
			defaultConfigurationIsVisible = 0;
			defaultConfigurationName = Release;
		};
		88B5856C2798B16D004D75DE /* Build configuration list for PBXNativeTarget "RemindersAppUIAutomationUITests" */ = {
			isa = XCConfigurationList;
			buildConfigurations = (
				88B5856D2798B16D004D75DE /* Debug */,
				88B5856E2798B16D004D75DE /* Release */,
			);
			defaultConfigurationIsVisible = 0;
			defaultConfigurationName = Release;
		};
/* End XCConfigurationList section */
	};
	rootObject = 88B5853A2798B167004D75DE /* Project object */;
}
